// !$*UTF8*$!
{
	archiveVersion = 1;
	classes = {
	};
	objectVersion = 56;
	objects = {

/* Begin PBXBuildFile section */
		A12EE4A12C6E01D3000D8352 /* WeatherChallengeApp.swift in Sources */ = {isa = PBXBuildFile; fileRef = A12EE4A02C6E01D3000D8352 /* WeatherChallengeApp.swift */; };
		A12EE4A32C6E01D3000D8352 /* HomeScreen.swift in Sources */ = {isa = PBXBuildFile; fileRef = A12EE4A22C6E01D3000D8352 /* HomeScreen.swift */; };
		A12EE4A52C6E01D4000D8352 /* Assets.xcassets in Resources */ = {isa = PBXBuildFile; fileRef = A12EE4A42C6E01D4000D8352 /* Assets.xcassets */; };
		A12EE4A82C6E01D4000D8352 /* Preview Assets.xcassets in Resources */ = {isa = PBXBuildFile; fileRef = A12EE4A72C6E01D4000D8352 /* Preview Assets.xcassets */; };
		A12EE4B22C6E01D4000D8352 /* WeatherChallengeTests.swift in Sources */ = {isa = PBXBuildFile; fileRef = A12EE4B12C6E01D4000D8352 /* WeatherChallengeTests.swift */; };
		A12EE4BC2C6E01D4000D8352 /* WeatherChallengeUITests.swift in Sources */ = {isa = PBXBuildFile; fileRef = A12EE4BB2C6E01D4000D8352 /* WeatherChallengeUITests.swift */; };
		A12EE4BE2C6E01D4000D8352 /* WeatherChallengeUITestsLaunchTests.swift in Sources */ = {isa = PBXBuildFile; fileRef = A12EE4BD2C6E01D4000D8352 /* WeatherChallengeUITestsLaunchTests.swift */; };
		A12EE4CD2C6EAC6E000D8352 /* NetworkGeneric.swift in Sources */ = {isa = PBXBuildFile; fileRef = A12EE4CC2C6EAC6E000D8352 /* NetworkGeneric.swift */; };
		A12EE4CF2C6EAC9D000D8352 /* NetworkManager.swift in Sources */ = {isa = PBXBuildFile; fileRef = A12EE4CE2C6EAC9D000D8352 /* NetworkManager.swift */; };
		A12EE4D32C6EAD66000D8352 /* Constants.swift in Sources */ = {isa = PBXBuildFile; fileRef = A12EE4D22C6EAD66000D8352 /* Constants.swift */; };
		A12EE4D72C6EB255000D8352 /* Debug.xcconfig in Resources */ = {isa = PBXBuildFile; fileRef = A12EE4D62C6EB255000D8352 /* Debug.xcconfig */; };
		A12EE4D82C6EB255000D8352 /* Debug.xcconfig in Resources */ = {isa = PBXBuildFile; fileRef = A12EE4D62C6EB255000D8352 /* Debug.xcconfig */; };
		A12EE4D92C6EB255000D8352 /* Debug.xcconfig in Resources */ = {isa = PBXBuildFile; fileRef = A12EE4D62C6EB255000D8352 /* Debug.xcconfig */; };
		A12EE4DB2C6EB272000D8352 /* Release.xcconfig in Resources */ = {isa = PBXBuildFile; fileRef = A12EE4DA2C6EB272000D8352 /* Release.xcconfig */; };
		A12EE4DC2C6EB272000D8352 /* Release.xcconfig in Resources */ = {isa = PBXBuildFile; fileRef = A12EE4DA2C6EB272000D8352 /* Release.xcconfig */; };
		A12EE4DD2C6EB272000D8352 /* Release.xcconfig in Resources */ = {isa = PBXBuildFile; fileRef = A12EE4DA2C6EB272000D8352 /* Release.xcconfig */; };
		A12EE4DF2C6EB630000D8352 /* EnvironmentProperty.swift in Sources */ = {isa = PBXBuildFile; fileRef = A12EE4DE2C6EB630000D8352 /* EnvironmentProperty.swift */; };
		A12EE4E02C6EB630000D8352 /* EnvironmentProperty.swift in Sources */ = {isa = PBXBuildFile; fileRef = A12EE4DE2C6EB630000D8352 /* EnvironmentProperty.swift */; };
		A12EE4E12C6EB630000D8352 /* EnvironmentProperty.swift in Sources */ = {isa = PBXBuildFile; fileRef = A12EE4DE2C6EB630000D8352 /* EnvironmentProperty.swift */; };
		A12EE4E42C6EB9D3000D8352 /* String+Extension.swift in Sources */ = {isa = PBXBuildFile; fileRef = A12EE4E32C6EB9D3000D8352 /* String+Extension.swift */; };
		A12EE4E92C6EC1F2000D8352 /* ForecastRequestDTO.swift in Sources */ = {isa = PBXBuildFile; fileRef = A12EE4E82C6EC1F2000D8352 /* ForecastRequestDTO.swift */; };
		A12EE4EB2C6EC552000D8352 /* ForecastResponseDTO.swift in Sources */ = {isa = PBXBuildFile; fileRef = A12EE4EA2C6EC552000D8352 /* ForecastResponseDTO.swift */; };
		A12EE4ED2C6EC5C9000D8352 /* ForecastDay.swift in Sources */ = {isa = PBXBuildFile; fileRef = A12EE4EC2C6EC5C9000D8352 /* ForecastDay.swift */; };
		A12EE4EF2C6ECDF3000D8352 /* DateFormatter+Extension.swift in Sources */ = {isa = PBXBuildFile; fileRef = A12EE4EE2C6ECDF3000D8352 /* DateFormatter+Extension.swift */; };
		A12EE4F22C6ED05B000D8352 /* GetForecastUseCase.swift in Sources */ = {isa = PBXBuildFile; fileRef = A12EE4F12C6ED05B000D8352 /* GetForecastUseCase.swift */; };
		A12EE4F42C6ED0BA000D8352 /* ErrorGeneric.swift in Sources */ = {isa = PBXBuildFile; fileRef = A12EE4F32C6ED0BA000D8352 /* ErrorGeneric.swift */; };
		A12EE4F92C6ED920000D8352 /* ForescastResumenCity.swift in Sources */ = {isa = PBXBuildFile; fileRef = A12EE4F82C6ED920000D8352 /* ForescastResumenCity.swift */; };
		A12EE4FC2C6F3623000D8352 /* HomeScreenViewModel.swift in Sources */ = {isa = PBXBuildFile; fileRef = A12EE4FB2C6F3623000D8352 /* HomeScreenViewModel.swift */; };
		A12EE4FF2C6F3688000D8352 /* Status.swift in Sources */ = {isa = PBXBuildFile; fileRef = A12EE4FE2C6F3688000D8352 /* Status.swift */; };
		A12EE5032C6F3855000D8352 /* CityPersistenceModel.swift in Sources */ = {isa = PBXBuildFile; fileRef = A12EE5022C6F3855000D8352 /* CityPersistenceModel.swift */; };
		A12EE5052C6F39A9000D8352 /* CityPersistenceManager.swift in Sources */ = {isa = PBXBuildFile; fileRef = A12EE5042C6F39A9000D8352 /* CityPersistenceManager.swift */; };
		A12EE50A2C7010DC000D8352 /* ForecastCityCellView.swift in Sources */ = {isa = PBXBuildFile; fileRef = A12EE5092C7010DC000D8352 /* ForecastCityCellView.swift */; };
		A12EE50C2C7098EA000D8352 /* Color+Extension.swift in Sources */ = {isa = PBXBuildFile; fileRef = A12EE50B2C7098EA000D8352 /* Color+Extension.swift */; };
/* End PBXBuildFile section */

/* Begin PBXContainerItemProxy section */
		A12EE4AE2C6E01D4000D8352 /* PBXContainerItemProxy */ = {
			isa = PBXContainerItemProxy;
			containerPortal = A12EE4952C6E01D3000D8352 /* Project object */;
			proxyType = 1;
			remoteGlobalIDString = A12EE49C2C6E01D3000D8352;
			remoteInfo = WeatherChallenge;
		};
		A12EE4B82C6E01D4000D8352 /* PBXContainerItemProxy */ = {
			isa = PBXContainerItemProxy;
			containerPortal = A12EE4952C6E01D3000D8352 /* Project object */;
			proxyType = 1;
			remoteGlobalIDString = A12EE49C2C6E01D3000D8352;
			remoteInfo = WeatherChallenge;
		};
/* End PBXContainerItemProxy section */

/* Begin PBXFileReference section */
		A12EE49D2C6E01D3000D8352 /* WeatherChallenge.app */ = {isa = PBXFileReference; explicitFileType = wrapper.application; includeInIndex = 0; path = WeatherChallenge.app; sourceTree = BUILT_PRODUCTS_DIR; };
		A12EE4A02C6E01D3000D8352 /* WeatherChallengeApp.swift */ = {isa = PBXFileReference; lastKnownFileType = sourcecode.swift; path = WeatherChallengeApp.swift; sourceTree = "<group>"; };
		A12EE4A22C6E01D3000D8352 /* HomeScreen.swift */ = {isa = PBXFileReference; lastKnownFileType = sourcecode.swift; path = HomeScreen.swift; sourceTree = "<group>"; };
		A12EE4A42C6E01D4000D8352 /* Assets.xcassets */ = {isa = PBXFileReference; lastKnownFileType = folder.assetcatalog; path = Assets.xcassets; sourceTree = "<group>"; };
		A12EE4A72C6E01D4000D8352 /* Preview Assets.xcassets */ = {isa = PBXFileReference; lastKnownFileType = folder.assetcatalog; path = "Preview Assets.xcassets"; sourceTree = "<group>"; };
		A12EE4AD2C6E01D4000D8352 /* WeatherChallengeTests.xctest */ = {isa = PBXFileReference; explicitFileType = wrapper.cfbundle; includeInIndex = 0; path = WeatherChallengeTests.xctest; sourceTree = BUILT_PRODUCTS_DIR; };
		A12EE4B12C6E01D4000D8352 /* WeatherChallengeTests.swift */ = {isa = PBXFileReference; lastKnownFileType = sourcecode.swift; path = WeatherChallengeTests.swift; sourceTree = "<group>"; };
		A12EE4B72C6E01D4000D8352 /* WeatherChallengeUITests.xctest */ = {isa = PBXFileReference; explicitFileType = wrapper.cfbundle; includeInIndex = 0; path = WeatherChallengeUITests.xctest; sourceTree = BUILT_PRODUCTS_DIR; };
		A12EE4BB2C6E01D4000D8352 /* WeatherChallengeUITests.swift */ = {isa = PBXFileReference; lastKnownFileType = sourcecode.swift; path = WeatherChallengeUITests.swift; sourceTree = "<group>"; };
		A12EE4BD2C6E01D4000D8352 /* WeatherChallengeUITestsLaunchTests.swift */ = {isa = PBXFileReference; lastKnownFileType = sourcecode.swift; path = WeatherChallengeUITestsLaunchTests.swift; sourceTree = "<group>"; };
		A12EE4CC2C6EAC6E000D8352 /* NetworkGeneric.swift */ = {isa = PBXFileReference; lastKnownFileType = sourcecode.swift; path = NetworkGeneric.swift; sourceTree = "<group>"; };
		A12EE4CE2C6EAC9D000D8352 /* NetworkManager.swift */ = {isa = PBXFileReference; lastKnownFileType = sourcecode.swift; path = NetworkManager.swift; sourceTree = "<group>"; };
		A12EE4D22C6EAD66000D8352 /* Constants.swift */ = {isa = PBXFileReference; lastKnownFileType = sourcecode.swift; path = Constants.swift; sourceTree = "<group>"; };
		A12EE4D62C6EB255000D8352 /* Debug.xcconfig */ = {isa = PBXFileReference; lastKnownFileType = text.xcconfig; path = Debug.xcconfig; sourceTree = "<group>"; };
		A12EE4DA2C6EB272000D8352 /* Release.xcconfig */ = {isa = PBXFileReference; lastKnownFileType = text.xcconfig; path = Release.xcconfig; sourceTree = "<group>"; };
		A12EE4DE2C6EB630000D8352 /* EnvironmentProperty.swift */ = {isa = PBXFileReference; lastKnownFileType = sourcecode.swift; path = EnvironmentProperty.swift; sourceTree = "<group>"; };
		A12EE4E32C6EB9D3000D8352 /* String+Extension.swift */ = {isa = PBXFileReference; lastKnownFileType = sourcecode.swift; path = "String+Extension.swift"; sourceTree = "<group>"; };
		A12EE4E82C6EC1F2000D8352 /* ForecastRequestDTO.swift */ = {isa = PBXFileReference; lastKnownFileType = sourcecode.swift; path = ForecastRequestDTO.swift; sourceTree = "<group>"; };
		A12EE4EA2C6EC552000D8352 /* ForecastResponseDTO.swift */ = {isa = PBXFileReference; lastKnownFileType = sourcecode.swift; path = ForecastResponseDTO.swift; sourceTree = "<group>"; };
		A12EE4EC2C6EC5C9000D8352 /* ForecastDay.swift */ = {isa = PBXFileReference; lastKnownFileType = sourcecode.swift; path = ForecastDay.swift; sourceTree = "<group>"; };
		A12EE4EE2C6ECDF3000D8352 /* DateFormatter+Extension.swift */ = {isa = PBXFileReference; lastKnownFileType = sourcecode.swift; path = "DateFormatter+Extension.swift"; sourceTree = "<group>"; };
		A12EE4F12C6ED05B000D8352 /* GetForecastUseCase.swift */ = {isa = PBXFileReference; lastKnownFileType = sourcecode.swift; path = GetForecastUseCase.swift; sourceTree = "<group>"; };
		A12EE4F32C6ED0BA000D8352 /* ErrorGeneric.swift */ = {isa = PBXFileReference; lastKnownFileType = sourcecode.swift; path = ErrorGeneric.swift; sourceTree = "<group>"; };
		A12EE4F82C6ED920000D8352 /* ForescastResumenCity.swift */ = {isa = PBXFileReference; lastKnownFileType = sourcecode.swift; path = ForescastResumenCity.swift; sourceTree = "<group>"; };
		A12EE4FB2C6F3623000D8352 /* HomeScreenViewModel.swift */ = {isa = PBXFileReference; lastKnownFileType = sourcecode.swift; path = HomeScreenViewModel.swift; sourceTree = "<group>"; };
		A12EE4FE2C6F3688000D8352 /* Status.swift */ = {isa = PBXFileReference; lastKnownFileType = sourcecode.swift; path = Status.swift; sourceTree = "<group>"; };
		A12EE5022C6F3855000D8352 /* CityPersistenceModel.swift */ = {isa = PBXFileReference; lastKnownFileType = sourcecode.swift; path = CityPersistenceModel.swift; sourceTree = "<group>"; };
		A12EE5042C6F39A9000D8352 /* CityPersistenceManager.swift */ = {isa = PBXFileReference; lastKnownFileType = sourcecode.swift; path = CityPersistenceManager.swift; sourceTree = "<group>"; };
		A12EE5062C6FE8DC000D8352 /* Info.plist */ = {isa = PBXFileReference; lastKnownFileType = text.plist; path = Info.plist; sourceTree = "<group>"; };
		A12EE5092C7010DC000D8352 /* ForecastCityCellView.swift */ = {isa = PBXFileReference; lastKnownFileType = sourcecode.swift; path = ForecastCityCellView.swift; sourceTree = "<group>"; };
		A12EE50B2C7098EA000D8352 /* Color+Extension.swift */ = {isa = PBXFileReference; lastKnownFileType = sourcecode.swift; path = "Color+Extension.swift"; sourceTree = "<group>"; };
/* End PBXFileReference section */

/* Begin PBXFrameworksBuildPhase section */
		A12EE49A2C6E01D3000D8352 /* Frameworks */ = {
			isa = PBXFrameworksBuildPhase;
			buildActionMask = 2147483647;
			files = (
			);
			runOnlyForDeploymentPostprocessing = 0;
		};
		A12EE4AA2C6E01D4000D8352 /* Frameworks */ = {
			isa = PBXFrameworksBuildPhase;
			buildActionMask = 2147483647;
			files = (
			);
			runOnlyForDeploymentPostprocessing = 0;
		};
		A12EE4B42C6E01D4000D8352 /* Frameworks */ = {
			isa = PBXFrameworksBuildPhase;
			buildActionMask = 2147483647;
			files = (
			);
			runOnlyForDeploymentPostprocessing = 0;
		};
/* End PBXFrameworksBuildPhase section */

/* Begin PBXGroup section */
		A12EE4942C6E01D3000D8352 = {
			isa = PBXGroup;
			children = (
				A12EE49F2C6E01D3000D8352 /* WeatherChallenge */,
				A12EE4B02C6E01D4000D8352 /* WeatherChallengeTests */,
				A12EE4BA2C6E01D4000D8352 /* WeatherChallengeUITests */,
				A12EE49E2C6E01D3000D8352 /* Products */,
			);
			sourceTree = "<group>";
		};
		A12EE49E2C6E01D3000D8352 /* Products */ = {
			isa = PBXGroup;
			children = (
				A12EE49D2C6E01D3000D8352 /* WeatherChallenge.app */,
				A12EE4AD2C6E01D4000D8352 /* WeatherChallengeTests.xctest */,
				A12EE4B72C6E01D4000D8352 /* WeatherChallengeUITests.xctest */,
			);
			name = Products;
			sourceTree = "<group>";
		};
		A12EE49F2C6E01D3000D8352 /* WeatherChallenge */ = {
			isa = PBXGroup;
			children = (
				A12EE5062C6FE8DC000D8352 /* Info.plist */,
				A12EE4E52C6EBC67000D8352 /* Source */,
				A12EE4E22C6EB9AE000D8352 /* Extensions */,
				A12EE4D42C6EB156000D8352 /* Core */,
				A12EE4CA2C6EABD6000D8352 /* Common */,
				A12EE4A02C6E01D3000D8352 /* WeatherChallengeApp.swift */,
				A12EE4A42C6E01D4000D8352 /* Assets.xcassets */,
				A12EE4A62C6E01D4000D8352 /* Preview Content */,
			);
			path = WeatherChallenge;
			sourceTree = "<group>";
		};
		A12EE4A62C6E01D4000D8352 /* Preview Content */ = {
			isa = PBXGroup;
			children = (
				A12EE4A72C6E01D4000D8352 /* Preview Assets.xcassets */,
			);
			path = "Preview Content";
			sourceTree = "<group>";
		};
		A12EE4B02C6E01D4000D8352 /* WeatherChallengeTests */ = {
			isa = PBXGroup;
			children = (
				A12EE4B12C6E01D4000D8352 /* WeatherChallengeTests.swift */,
			);
			path = WeatherChallengeTests;
			sourceTree = "<group>";
		};
		A12EE4BA2C6E01D4000D8352 /* WeatherChallengeUITests */ = {
			isa = PBXGroup;
			children = (
				A12EE4BB2C6E01D4000D8352 /* WeatherChallengeUITests.swift */,
				A12EE4BD2C6E01D4000D8352 /* WeatherChallengeUITestsLaunchTests.swift */,
			);
			path = WeatherChallengeUITests;
			sourceTree = "<group>";
		};
		A12EE4CA2C6EABD6000D8352 /* Common */ = {
			isa = PBXGroup;
			children = (
				A12EE4D22C6EAD66000D8352 /* Constants.swift */,
				A12EE4F32C6ED0BA000D8352 /* ErrorGeneric.swift */,
				A12EE4CB2C6EABE2000D8352 /* Network */,
			);
			path = Common;
			sourceTree = "<group>";
		};
		A12EE4CB2C6EABE2000D8352 /* Network */ = {
			isa = PBXGroup;
			children = (
				A12EE4CC2C6EAC6E000D8352 /* NetworkGeneric.swift */,
				A12EE4CE2C6EAC9D000D8352 /* NetworkManager.swift */,
			);
			path = Network;
			sourceTree = "<group>";
		};
		A12EE4D42C6EB156000D8352 /* Core */ = {
			isa = PBXGroup;
			children = (
				A12EE5002C6F3814000D8352 /* Persistence */,
				A12EE4D52C6EB15E000D8352 /* Configuration */,
			);
			path = Core;
			sourceTree = "<group>";
		};
		A12EE4D52C6EB15E000D8352 /* Configuration */ = {
			isa = PBXGroup;
			children = (
				A12EE4D62C6EB255000D8352 /* Debug.xcconfig */,
				A12EE4DA2C6EB272000D8352 /* Release.xcconfig */,
				A12EE4DE2C6EB630000D8352 /* EnvironmentProperty.swift */,
			);
			path = Configuration;
			sourceTree = "<group>";
		};
		A12EE4E22C6EB9AE000D8352 /* Extensions */ = {
			isa = PBXGroup;
			children = (
				A12EE4E32C6EB9D3000D8352 /* String+Extension.swift */,
				A12EE4EE2C6ECDF3000D8352 /* DateFormatter+Extension.swift */,
				A12EE50B2C7098EA000D8352 /* Color+Extension.swift */,
			);
			path = Extensions;
			sourceTree = "<group>";
		};
		A12EE4E52C6EBC67000D8352 /* Source */ = {
			isa = PBXGroup;
			children = (
				A12EE4F52C6ED3BC000D8352 /* Presentation */,
				A12EE4E62C6EBC82000D8352 /* Domain */,
			);
			path = Source;
			sourceTree = "<group>";
		};
		A12EE4E62C6EBC82000D8352 /* Domain */ = {
			isa = PBXGroup;
			children = (
				A12EE4FA2C6F35EC000D8352 /* HomeScreen */,
			);
			path = Domain;
			sourceTree = "<group>";
		};
		A12EE4E72C6EBC98000D8352 /* Model */ = {
			isa = PBXGroup;
			children = (
				A12EE4E82C6EC1F2000D8352 /* ForecastRequestDTO.swift */,
				A12EE4EA2C6EC552000D8352 /* ForecastResponseDTO.swift */,
				A12EE4EC2C6EC5C9000D8352 /* ForecastDay.swift */,
			);
			path = Model;
			sourceTree = "<group>";
		};
		A12EE4F02C6ED028000D8352 /* UseCase */ = {
			isa = PBXGroup;
			children = (
				A12EE4F12C6ED05B000D8352 /* GetForecastUseCase.swift */,
			);
			path = UseCase;
			sourceTree = "<group>";
		};
		A12EE4F52C6ED3BC000D8352 /* Presentation */ = {
			isa = PBXGroup;
			children = (
				A12EE4F62C6ED506000D8352 /* HomeScreen */,
			);
			path = Presentation;
			sourceTree = "<group>";
		};
		A12EE4F62C6ED506000D8352 /* HomeScreen */ = {
			isa = PBXGroup;
			children = (
				A12EE5082C70108B000D8352 /* View */,
				A12EE4FD2C6F362C000D8352 /* ViewModel */,
				A12EE4F72C6ED52A000D8352 /* Model */,
			);
			path = HomeScreen;
			sourceTree = "<group>";
		};
		A12EE4F72C6ED52A000D8352 /* Model */ = {
			isa = PBXGroup;
			children = (
				A12EE4F82C6ED920000D8352 /* ForescastResumenCity.swift */,
				A12EE4FE2C6F3688000D8352 /* Status.swift */,
			);
			path = Model;
			sourceTree = "<group>";
		};
		A12EE4FA2C6F35EC000D8352 /* HomeScreen */ = {
			isa = PBXGroup;
			children = (
				A12EE4F02C6ED028000D8352 /* UseCase */,
				A12EE4E72C6EBC98000D8352 /* Model */,
			);
			path = HomeScreen;
			sourceTree = "<group>";
		};
		A12EE4FD2C6F362C000D8352 /* ViewModel */ = {
			isa = PBXGroup;
			children = (
				A12EE4FB2C6F3623000D8352 /* HomeScreenViewModel.swift */,
			);
			path = ViewModel;
			sourceTree = "<group>";
		};
		A12EE5002C6F3814000D8352 /* Persistence */ = {
			isa = PBXGroup;
			children = (
				A12EE5012C6F3829000D8352 /* Model */,
				A12EE5042C6F39A9000D8352 /* CityPersistenceManager.swift */,
			);
			path = Persistence;
			sourceTree = "<group>";
		};
		A12EE5012C6F3829000D8352 /* Model */ = {
			isa = PBXGroup;
			children = (
				A12EE5022C6F3855000D8352 /* CityPersistenceModel.swift */,
			);
			path = Model;
			sourceTree = "<group>";
		};
		A12EE5082C70108B000D8352 /* View */ = {
			isa = PBXGroup;
			children = (
				A12EE4A22C6E01D3000D8352 /* HomeScreen.swift */,
				A12EE5092C7010DC000D8352 /* ForecastCityCellView.swift */,
			);
			path = View;
			sourceTree = "<group>";
		};
/* End PBXGroup section */

/* Begin PBXNativeTarget section */
		A12EE49C2C6E01D3000D8352 /* WeatherChallenge */ = {
			isa = PBXNativeTarget;
			buildConfigurationList = A12EE4C12C6E01D4000D8352 /* Build configuration list for PBXNativeTarget "WeatherChallenge" */;
			buildPhases = (
				A12EE4992C6E01D3000D8352 /* Sources */,
				A12EE49A2C6E01D3000D8352 /* Frameworks */,
				A12EE49B2C6E01D3000D8352 /* Resources */,
			);
			buildRules = (
			);
			dependencies = (
			);
			name = WeatherChallenge;
			productName = WeatherChallenge;
			productReference = A12EE49D2C6E01D3000D8352 /* WeatherChallenge.app */;
			productType = "com.apple.product-type.application";
		};
		A12EE4AC2C6E01D4000D8352 /* WeatherChallengeTests */ = {
			isa = PBXNativeTarget;
			buildConfigurationList = A12EE4C42C6E01D4000D8352 /* Build configuration list for PBXNativeTarget "WeatherChallengeTests" */;
			buildPhases = (
				A12EE4A92C6E01D4000D8352 /* Sources */,
				A12EE4AA2C6E01D4000D8352 /* Frameworks */,
				A12EE4AB2C6E01D4000D8352 /* Resources */,
			);
			buildRules = (
			);
			dependencies = (
				A12EE4AF2C6E01D4000D8352 /* PBXTargetDependency */,
			);
			name = WeatherChallengeTests;
			productName = WeatherChallengeTests;
			productReference = A12EE4AD2C6E01D4000D8352 /* WeatherChallengeTests.xctest */;
			productType = "com.apple.product-type.bundle.unit-test";
		};
		A12EE4B62C6E01D4000D8352 /* WeatherChallengeUITests */ = {
			isa = PBXNativeTarget;
			buildConfigurationList = A12EE4C72C6E01D4000D8352 /* Build configuration list for PBXNativeTarget "WeatherChallengeUITests" */;
			buildPhases = (
				A12EE4B32C6E01D4000D8352 /* Sources */,
				A12EE4B42C6E01D4000D8352 /* Frameworks */,
				A12EE4B52C6E01D4000D8352 /* Resources */,
			);
			buildRules = (
			);
			dependencies = (
				A12EE4B92C6E01D4000D8352 /* PBXTargetDependency */,
			);
			name = WeatherChallengeUITests;
			productName = WeatherChallengeUITests;
			productReference = A12EE4B72C6E01D4000D8352 /* WeatherChallengeUITests.xctest */;
			productType = "com.apple.product-type.bundle.ui-testing";
		};
/* End PBXNativeTarget section */

/* Begin PBXProject section */
		A12EE4952C6E01D3000D8352 /* Project object */ = {
			isa = PBXProject;
			attributes = {
				BuildIndependentTargetsInParallel = 1;
				LastSwiftUpdateCheck = 1540;
				LastUpgradeCheck = 1540;
				TargetAttributes = {
					A12EE49C2C6E01D3000D8352 = {
						CreatedOnToolsVersion = 15.4;
					};
					A12EE4AC2C6E01D4000D8352 = {
						CreatedOnToolsVersion = 15.4;
						TestTargetID = A12EE49C2C6E01D3000D8352;
					};
					A12EE4B62C6E01D4000D8352 = {
						CreatedOnToolsVersion = 15.4;
						TestTargetID = A12EE49C2C6E01D3000D8352;
					};
				};
			};
			buildConfigurationList = A12EE4982C6E01D3000D8352 /* Build configuration list for PBXProject "WeatherChallenge" */;
			compatibilityVersion = "Xcode 14.0";
			developmentRegion = en;
			hasScannedForEncodings = 0;
			knownRegions = (
				en,
				Base,
			);
			mainGroup = A12EE4942C6E01D3000D8352;
			packageReferences = (
				A12EE5072C700F17000D8352 /* XCRemoteSwiftPackageReference "Kingfisher" */,
			);
			productRefGroup = A12EE49E2C6E01D3000D8352 /* Products */;
			projectDirPath = "";
			projectRoot = "";
			targets = (
				A12EE49C2C6E01D3000D8352 /* WeatherChallenge */,
				A12EE4AC2C6E01D4000D8352 /* WeatherChallengeTests */,
				A12EE4B62C6E01D4000D8352 /* WeatherChallengeUITests */,
			);
		};
/* End PBXProject section */

/* Begin PBXResourcesBuildPhase section */
		A12EE49B2C6E01D3000D8352 /* Resources */ = {
			isa = PBXResourcesBuildPhase;
			buildActionMask = 2147483647;
			files = (
				A12EE4DB2C6EB272000D8352 /* Release.xcconfig in Resources */,
				A12EE4A82C6E01D4000D8352 /* Preview Assets.xcassets in Resources */,
				A12EE4A52C6E01D4000D8352 /* Assets.xcassets in Resources */,
				A12EE4D72C6EB255000D8352 /* Debug.xcconfig in Resources */,
			);
			runOnlyForDeploymentPostprocessing = 0;
		};
		A12EE4AB2C6E01D4000D8352 /* Resources */ = {
			isa = PBXResourcesBuildPhase;
			buildActionMask = 2147483647;
			files = (
				A12EE4DC2C6EB272000D8352 /* Release.xcconfig in Resources */,
				A12EE4D82C6EB255000D8352 /* Debug.xcconfig in Resources */,
			);
			runOnlyForDeploymentPostprocessing = 0;
		};
		A12EE4B52C6E01D4000D8352 /* Resources */ = {
			isa = PBXResourcesBuildPhase;
			buildActionMask = 2147483647;
			files = (
				A12EE4DD2C6EB272000D8352 /* Release.xcconfig in Resources */,
				A12EE4D92C6EB255000D8352 /* Debug.xcconfig in Resources */,
			);
			runOnlyForDeploymentPostprocessing = 0;
		};
/* End PBXResourcesBuildPhase section */

/* Begin PBXSourcesBuildPhase section */
		A12EE4992C6E01D3000D8352 /* Sources */ = {
			isa = PBXSourcesBuildPhase;
			buildActionMask = 2147483647;
			files = (
				A12EE4E42C6EB9D3000D8352 /* String+Extension.swift in Sources */,
				A12EE4DF2C6EB630000D8352 /* EnvironmentProperty.swift in Sources */,
				A12EE4EF2C6ECDF3000D8352 /* DateFormatter+Extension.swift in Sources */,
				A12EE5052C6F39A9000D8352 /* CityPersistenceManager.swift in Sources */,
				A12EE4FF2C6F3688000D8352 /* Status.swift in Sources */,
				A12EE4CF2C6EAC9D000D8352 /* NetworkManager.swift in Sources */,
				A12EE4A32C6E01D3000D8352 /* HomeScreen.swift in Sources */,
				A12EE4F92C6ED920000D8352 /* ForescastResumenCity.swift in Sources */,
				A12EE4EB2C6EC552000D8352 /* ForecastResponseDTO.swift in Sources */,
				A12EE4CD2C6EAC6E000D8352 /* NetworkGeneric.swift in Sources */,
				A12EE4FC2C6F3623000D8352 /* HomeScreenViewModel.swift in Sources */,
				A12EE50C2C7098EA000D8352 /* Color+Extension.swift in Sources */,
				A12EE4F42C6ED0BA000D8352 /* ErrorGeneric.swift in Sources */,
				A12EE50A2C7010DC000D8352 /* ForecastCityCellView.swift in Sources */,
				A12EE4ED2C6EC5C9000D8352 /* ForecastDay.swift in Sources */,
				A12EE4A12C6E01D3000D8352 /* WeatherChallengeApp.swift in Sources */,
				A12EE5032C6F3855000D8352 /* CityPersistenceModel.swift in Sources */,
				A12EE4E92C6EC1F2000D8352 /* ForecastRequestDTO.swift in Sources */,
				A12EE4D32C6EAD66000D8352 /* Constants.swift in Sources */,
				A12EE4F22C6ED05B000D8352 /* GetForecastUseCase.swift in Sources */,
			);
			runOnlyForDeploymentPostprocessing = 0;
		};
		A12EE4A92C6E01D4000D8352 /* Sources */ = {
			isa = PBXSourcesBuildPhase;
			buildActionMask = 2147483647;
			files = (
				A12EE4E02C6EB630000D8352 /* EnvironmentProperty.swift in Sources */,
				A12EE4B22C6E01D4000D8352 /* WeatherChallengeTests.swift in Sources */,
			);
			runOnlyForDeploymentPostprocessing = 0;
		};
		A12EE4B32C6E01D4000D8352 /* Sources */ = {
			isa = PBXSourcesBuildPhase;
			buildActionMask = 2147483647;
			files = (
				A12EE4BC2C6E01D4000D8352 /* WeatherChallengeUITests.swift in Sources */,
				A12EE4BE2C6E01D4000D8352 /* WeatherChallengeUITestsLaunchTests.swift in Sources */,
				A12EE4E12C6EB630000D8352 /* EnvironmentProperty.swift in Sources */,
			);
			runOnlyForDeploymentPostprocessing = 0;
		};
/* End PBXSourcesBuildPhase section */

/* Begin PBXTargetDependency section */
		A12EE4AF2C6E01D4000D8352 /* PBXTargetDependency */ = {
			isa = PBXTargetDependency;
			target = A12EE49C2C6E01D3000D8352 /* WeatherChallenge */;
			targetProxy = A12EE4AE2C6E01D4000D8352 /* PBXContainerItemProxy */;
		};
		A12EE4B92C6E01D4000D8352 /* PBXTargetDependency */ = {
			isa = PBXTargetDependency;
			target = A12EE49C2C6E01D3000D8352 /* WeatherChallenge */;
			targetProxy = A12EE4B82C6E01D4000D8352 /* PBXContainerItemProxy */;
		};
/* End PBXTargetDependency section */

/* Begin XCBuildConfiguration section */
		A12EE4BF2C6E01D4000D8352 /* Debug */ = {
			isa = XCBuildConfiguration;
			baseConfigurationReference = A12EE4D62C6EB255000D8352 /* Debug.xcconfig */;
			buildSettings = {
				ALWAYS_SEARCH_USER_PATHS = NO;
				ASSETCATALOG_COMPILER_GENERATE_SWIFT_ASSET_SYMBOL_EXTENSIONS = YES;
				CLANG_ANALYZER_NONNULL = YES;
				CLANG_ANALYZER_NUMBER_OBJECT_CONVERSION = YES_AGGRESSIVE;
				CLANG_CXX_LANGUAGE_STANDARD = "gnu++20";
				CLANG_ENABLE_MODULES = YES;
				CLANG_ENABLE_OBJC_ARC = YES;
				CLANG_ENABLE_OBJC_WEAK = YES;
				CLANG_WARN_BLOCK_CAPTURE_AUTORELEASING = YES;
				CLANG_WARN_BOOL_CONVERSION = YES;
				CLANG_WARN_COMMA = YES;
				CLANG_WARN_CONSTANT_CONVERSION = YES;
				CLANG_WARN_DEPRECATED_OBJC_IMPLEMENTATIONS = YES;
				CLANG_WARN_DIRECT_OBJC_ISA_USAGE = YES_ERROR;
				CLANG_WARN_DOCUMENTATION_COMMENTS = YES;
				CLANG_WARN_EMPTY_BODY = YES;
				CLANG_WARN_ENUM_CONVERSION = YES;
				CLANG_WARN_INFINITE_RECURSION = YES;
				CLANG_WARN_INT_CONVERSION = YES;
				CLANG_WARN_NON_LITERAL_NULL_CONVERSION = YES;
				CLANG_WARN_OBJC_IMPLICIT_RETAIN_SELF = YES;
				CLANG_WARN_OBJC_LITERAL_CONVERSION = YES;
				CLANG_WARN_OBJC_ROOT_CLASS = YES_ERROR;
				CLANG_WARN_QUOTED_INCLUDE_IN_FRAMEWORK_HEADER = YES;
				CLANG_WARN_RANGE_LOOP_ANALYSIS = YES;
				CLANG_WARN_STRICT_PROTOTYPES = YES;
				CLANG_WARN_SUSPICIOUS_MOVE = YES;
				CLANG_WARN_UNGUARDED_AVAILABILITY = YES_AGGRESSIVE;
				CLANG_WARN_UNREACHABLE_CODE = YES;
				CLANG_WARN__DUPLICATE_METHOD_MATCH = YES;
				COPY_PHASE_STRIP = NO;
				DEBUG_INFORMATION_FORMAT = dwarf;
				ENABLE_STRICT_OBJC_MSGSEND = YES;
				ENABLE_TESTABILITY = YES;
				ENABLE_USER_SCRIPT_SANDBOXING = YES;
				GCC_C_LANGUAGE_STANDARD = gnu17;
				GCC_DYNAMIC_NO_PIC = NO;
				GCC_NO_COMMON_BLOCKS = YES;
				GCC_OPTIMIZATION_LEVEL = 0;
				GCC_PREPROCESSOR_DEFINITIONS = (
					"DEBUG=1",
					"$(inherited)",
				);
				GCC_WARN_64_TO_32_BIT_CONVERSION = YES;
				GCC_WARN_ABOUT_RETURN_TYPE = YES_ERROR;
				GCC_WARN_UNDECLARED_SELECTOR = YES;
				GCC_WARN_UNINITIALIZED_AUTOS = YES_AGGRESSIVE;
				GCC_WARN_UNUSED_FUNCTION = YES;
				GCC_WARN_UNUSED_VARIABLE = YES;
				IPHONEOS_DEPLOYMENT_TARGET = 17.5;
				LOCALIZATION_PREFERS_STRING_CATALOGS = YES;
				MTL_ENABLE_DEBUG_INFO = INCLUDE_SOURCE;
				MTL_FAST_MATH = YES;
				ONLY_ACTIVE_ARCH = YES;
				SDKROOT = iphoneos;
				SWIFT_ACTIVE_COMPILATION_CONDITIONS = "DEBUG $(inherited)";
				SWIFT_OPTIMIZATION_LEVEL = "-Onone";
			};
			name = Debug;
		};
		A12EE4C02C6E01D4000D8352 /* Release */ = {
			isa = XCBuildConfiguration;
			baseConfigurationReference = A12EE4DA2C6EB272000D8352 /* Release.xcconfig */;
			buildSettings = {
				ALWAYS_SEARCH_USER_PATHS = NO;
				ASSETCATALOG_COMPILER_GENERATE_SWIFT_ASSET_SYMBOL_EXTENSIONS = YES;
				CLANG_ANALYZER_NONNULL = YES;
				CLANG_ANALYZER_NUMBER_OBJECT_CONVERSION = YES_AGGRESSIVE;
				CLANG_CXX_LANGUAGE_STANDARD = "gnu++20";
				CLANG_ENABLE_MODULES = YES;
				CLANG_ENABLE_OBJC_ARC = YES;
				CLANG_ENABLE_OBJC_WEAK = YES;
				CLANG_WARN_BLOCK_CAPTURE_AUTORELEASING = YES;
				CLANG_WARN_BOOL_CONVERSION = YES;
				CLANG_WARN_COMMA = YES;
				CLANG_WARN_CONSTANT_CONVERSION = YES;
				CLANG_WARN_DEPRECATED_OBJC_IMPLEMENTATIONS = YES;
				CLANG_WARN_DIRECT_OBJC_ISA_USAGE = YES_ERROR;
				CLANG_WARN_DOCUMENTATION_COMMENTS = YES;
				CLANG_WARN_EMPTY_BODY = YES;
				CLANG_WARN_ENUM_CONVERSION = YES;
				CLANG_WARN_INFINITE_RECURSION = YES;
				CLANG_WARN_INT_CONVERSION = YES;
				CLANG_WARN_NON_LITERAL_NULL_CONVERSION = YES;
				CLANG_WARN_OBJC_IMPLICIT_RETAIN_SELF = YES;
				CLANG_WARN_OBJC_LITERAL_CONVERSION = YES;
				CLANG_WARN_OBJC_ROOT_CLASS = YES_ERROR;
				CLANG_WARN_QUOTED_INCLUDE_IN_FRAMEWORK_HEADER = YES;
				CLANG_WARN_RANGE_LOOP_ANALYSIS = YES;
				CLANG_WARN_STRICT_PROTOTYPES = YES;
				CLANG_WARN_SUSPICIOUS_MOVE = YES;
				CLANG_WARN_UNGUARDED_AVAILABILITY = YES_AGGRESSIVE;
				CLANG_WARN_UNREACHABLE_CODE = YES;
				CLANG_WARN__DUPLICATE_METHOD_MATCH = YES;
				COPY_PHASE_STRIP = NO;
				DEBUG_INFORMATION_FORMAT = "dwarf-with-dsym";
				ENABLE_NS_ASSERTIONS = NO;
				ENABLE_STRICT_OBJC_MSGSEND = YES;
				ENABLE_USER_SCRIPT_SANDBOXING = YES;
				GCC_C_LANGUAGE_STANDARD = gnu17;
				GCC_NO_COMMON_BLOCKS = YES;
				GCC_WARN_64_TO_32_BIT_CONVERSION = YES;
				GCC_WARN_ABOUT_RETURN_TYPE = YES_ERROR;
				GCC_WARN_UNDECLARED_SELECTOR = YES;
				GCC_WARN_UNINITIALIZED_AUTOS = YES_AGGRESSIVE;
				GCC_WARN_UNUSED_FUNCTION = YES;
				GCC_WARN_UNUSED_VARIABLE = YES;
				IPHONEOS_DEPLOYMENT_TARGET = 17.5;
				LOCALIZATION_PREFERS_STRING_CATALOGS = YES;
				MTL_ENABLE_DEBUG_INFO = NO;
				MTL_FAST_MATH = YES;
				SDKROOT = iphoneos;
				SWIFT_COMPILATION_MODE = wholemodule;
				VALIDATE_PRODUCT = YES;
			};
			name = Release;
		};
		A12EE4C22C6E01D4000D8352 /* Debug */ = {
			isa = XCBuildConfiguration;
			buildSettings = {
				ASSETCATALOG_COMPILER_APPICON_NAME = AppIcon;
				ASSETCATALOG_COMPILER_GLOBAL_ACCENT_COLOR_NAME = AccentColor;
				CODE_SIGN_STYLE = Automatic;
				CURRENT_PROJECT_VERSION = 1;
				DEVELOPMENT_ASSET_PATHS = "\"WeatherChallenge/Preview Content\"";
				DEVELOPMENT_TEAM = 6CMU856YDQ;
				ENABLE_PREVIEWS = YES;
				GENERATE_INFOPLIST_FILE = YES;
				INFOPLIST_FILE = WeatherChallenge/Info.plist;
				INFOPLIST_KEY_UIApplicationSceneManifest_Generation = YES;
				INFOPLIST_KEY_UIApplicationSupportsIndirectInputEvents = YES;
				INFOPLIST_KEY_UILaunchScreen_Generation = YES;
				INFOPLIST_KEY_UISupportedInterfaceOrientations_iPad = "UIInterfaceOrientationPortrait UIInterfaceOrientationPortraitUpsideDown UIInterfaceOrientationLandscapeLeft UIInterfaceOrientationLandscapeRight";
				INFOPLIST_KEY_UISupportedInterfaceOrientations_iPhone = "UIInterfaceOrientationPortrait UIInterfaceOrientationLandscapeLeft UIInterfaceOrientationLandscapeRight";
				LD_RUNPATH_SEARCH_PATHS = (
					"$(inherited)",
					"@executable_path/Frameworks",
				);
				MARKETING_VERSION = 1.0;
				PRODUCT_BUNDLE_IDENTIFIER = com.jonashio.weather.challenge.WeatherChallenge;
				PRODUCT_NAME = "$(TARGET_NAME)";
				SWIFT_EMIT_LOC_STRINGS = YES;
				SWIFT_VERSION = 5.0;
				TARGETED_DEVICE_FAMILY = "1,2";
			};
			name = Debug;
		};
		A12EE4C32C6E01D4000D8352 /* Release */ = {
			isa = XCBuildConfiguration;
			buildSettings = {
				ASSETCATALOG_COMPILER_APPICON_NAME = AppIcon;
				ASSETCATALOG_COMPILER_GLOBAL_ACCENT_COLOR_NAME = AccentColor;
				CODE_SIGN_STYLE = Automatic;
				CURRENT_PROJECT_VERSION = 1;
				DEVELOPMENT_ASSET_PATHS = "\"WeatherChallenge/Preview Content\"";
				DEVELOPMENT_TEAM = 6CMU856YDQ;
				ENABLE_PREVIEWS = YES;
				GENERATE_INFOPLIST_FILE = YES;
				INFOPLIST_FILE = WeatherChallenge/Info.plist;
				INFOPLIST_KEY_UIApplicationSceneManifest_Generation = YES;
				INFOPLIST_KEY_UIApplicationSupportsIndirectInputEvents = YES;
				INFOPLIST_KEY_UILaunchScreen_Generation = YES;
				INFOPLIST_KEY_UISupportedInterfaceOrientations_iPad = "UIInterfaceOrientationPortrait UIInterfaceOrientationPortraitUpsideDown UIInterfaceOrientationLandscapeLeft UIInterfaceOrientationLandscapeRight";
				INFOPLIST_KEY_UISupportedInterfaceOrientations_iPhone = "UIInterfaceOrientationPortrait UIInterfaceOrientationLandscapeLeft UIInterfaceOrientationLandscapeRight";
				LD_RUNPATH_SEARCH_PATHS = (
					"$(inherited)",
					"@executable_path/Frameworks",
				);
				MARKETING_VERSION = 1.0;
				PRODUCT_BUNDLE_IDENTIFIER = com.jonashio.weather.challenge.WeatherChallenge;
				PRODUCT_NAME = "$(TARGET_NAME)";
				SWIFT_EMIT_LOC_STRINGS = YES;
				SWIFT_VERSION = 5.0;
				TARGETED_DEVICE_FAMILY = "1,2";
			};
			name = Release;
		};
		A12EE4C52C6E01D4000D8352 /* Debug */ = {
			isa = XCBuildConfiguration;
			buildSettings = {
				ALWAYS_EMBED_SWIFT_STANDARD_LIBRARIES = YES;
				BUNDLE_LOADER = "$(TEST_HOST)";
				CODE_SIGN_STYLE = Automatic;
				CURRENT_PROJECT_VERSION = 1;
				DEVELOPMENT_TEAM = 6CMU856YDQ;
				GENERATE_INFOPLIST_FILE = YES;
				IPHONEOS_DEPLOYMENT_TARGET = 17.5;
				MARKETING_VERSION = 1.0;
				PRODUCT_BUNDLE_IDENTIFIER = com.jonashio.weather.challenge.WeatherChallengeTests;
				PRODUCT_NAME = "$(TARGET_NAME)";
				SWIFT_EMIT_LOC_STRINGS = NO;
				SWIFT_VERSION = 5.0;
				TARGETED_DEVICE_FAMILY = "1,2";
				TEST_HOST = "$(BUILT_PRODUCTS_DIR)/WeatherChallenge.app/$(BUNDLE_EXECUTABLE_FOLDER_PATH)/WeatherChallenge";
			};
			name = Debug;
		};
		A12EE4C62C6E01D4000D8352 /* Release */ = {
			isa = XCBuildConfiguration;
			buildSettings = {
				ALWAYS_EMBED_SWIFT_STANDARD_LIBRARIES = YES;
				BUNDLE_LOADER = "$(TEST_HOST)";
				CODE_SIGN_STYLE = Automatic;
				CURRENT_PROJECT_VERSION = 1;
				DEVELOPMENT_TEAM = 6CMU856YDQ;
				GENERATE_INFOPLIST_FILE = YES;
				IPHONEOS_DEPLOYMENT_TARGET = 17.5;
				MARKETING_VERSION = 1.0;
				PRODUCT_BUNDLE_IDENTIFIER = com.jonashio.weather.challenge.WeatherChallengeTests;
				PRODUCT_NAME = "$(TARGET_NAME)";
				SWIFT_EMIT_LOC_STRINGS = NO;
				SWIFT_VERSION = 5.0;
				TARGETED_DEVICE_FAMILY = "1,2";
				TEST_HOST = "$(BUILT_PRODUCTS_DIR)/WeatherChallenge.app/$(BUNDLE_EXECUTABLE_FOLDER_PATH)/WeatherChallenge";
			};
			name = Release;
		};
		A12EE4C82C6E01D4000D8352 /* Debug */ = {
			isa = XCBuildConfiguration;
			buildSettings = {
				ALWAYS_EMBED_SWIFT_STANDARD_LIBRARIES = YES;
				CODE_SIGN_STYLE = Automatic;
				CURRENT_PROJECT_VERSION = 1;
				DEVELOPMENT_TEAM = 6CMU856YDQ;
				GENERATE_INFOPLIST_FILE = YES;
				MARKETING_VERSION = 1.0;
				PRODUCT_BUNDLE_IDENTIFIER = com.jonashio.weather.challenge.WeatherChallengeUITests;
				PRODUCT_NAME = "$(TARGET_NAME)";
				SWIFT_EMIT_LOC_STRINGS = NO;
				SWIFT_VERSION = 5.0;
				TARGETED_DEVICE_FAMILY = "1,2";
				TEST_TARGET_NAME = WeatherChallenge;
			};
			name = Debug;
		};
		A12EE4C92C6E01D4000D8352 /* Release */ = {
			isa = XCBuildConfiguration;
			buildSettings = {
				ALWAYS_EMBED_SWIFT_STANDARD_LIBRARIES = YES;
				CODE_SIGN_STYLE = Automatic;
				CURRENT_PROJECT_VERSION = 1;
				DEVELOPMENT_TEAM = 6CMU856YDQ;
				GENERATE_INFOPLIST_FILE = YES;
				MARKETING_VERSION = 1.0;
				PRODUCT_BUNDLE_IDENTIFIER = com.jonashio.weather.challenge.WeatherChallengeUITests;
				PRODUCT_NAME = "$(TARGET_NAME)";
				SWIFT_EMIT_LOC_STRINGS = NO;
				SWIFT_VERSION = 5.0;
				TARGETED_DEVICE_FAMILY = "1,2";
				TEST_TARGET_NAME = WeatherChallenge;
			};
			name = Release;
		};
/* End XCBuildConfiguration section */

/* Begin XCConfigurationList section */
		A12EE4982C6E01D3000D8352 /* Build configuration list for PBXProject "WeatherChallenge" */ = {
			isa = XCConfigurationList;
			buildConfigurations = (
				A12EE4BF2C6E01D4000D8352 /* Debug */,
				A12EE4C02C6E01D4000D8352 /* Release */,
			);
			defaultConfigurationIsVisible = 0;
			defaultConfigurationName = Release;
		};
		A12EE4C12C6E01D4000D8352 /* Build configuration list for PBXNativeTarget "WeatherChallenge" */ = {
			isa = XCConfigurationList;
			buildConfigurations = (
				A12EE4C22C6E01D4000D8352 /* Debug */,
				A12EE4C32C6E01D4000D8352 /* Release */,
			);
			defaultConfigurationIsVisible = 0;
			defaultConfigurationName = Release;
		};
		A12EE4C42C6E01D4000D8352 /* Build configuration list for PBXNativeTarget "WeatherChallengeTests" */ = {
			isa = XCConfigurationList;
			buildConfigurations = (
				A12EE4C52C6E01D4000D8352 /* Debug */,
				A12EE4C62C6E01D4000D8352 /* Release */,
			);
			defaultConfigurationIsVisible = 0;
			defaultConfigurationName = Release;
		};
		A12EE4C72C6E01D4000D8352 /* Build configuration list for PBXNativeTarget "WeatherChallengeUITests" */ = {
			isa = XCConfigurationList;
			buildConfigurations = (
				A12EE4C82C6E01D4000D8352 /* Debug */,
				A12EE4C92C6E01D4000D8352 /* Release */,
			);
			defaultConfigurationIsVisible = 0;
			defaultConfigurationName = Release;
		};
/* End XCConfigurationList section */

/* Begin XCRemoteSwiftPackageReference section */
		A12EE5072C700F17000D8352 /* XCRemoteSwiftPackageReference "Kingfisher" */ = {
			isa = XCRemoteSwiftPackageReference;
			repositoryURL = "https://github.com/onevcat/Kingfisher.git";
			requirement = {
				kind = upToNextMajorVersion;
				minimumVersion = 7.12.0;
			};
		};
/* End XCRemoteSwiftPackageReference section */
	};
	rootObject = A12EE4952C6E01D3000D8352 /* Project object */;
}
